// !$*UTF8*$!
{
	archiveVersion = 1;
	classes = {
	};
	objectVersion = 46;
	objects = {

/* Begin PBXBuildFile section */
		9051CA341FC7E90C002E8918 /* libfmt.a in Frameworks */ = {isa = PBXBuildFile; fileRef = 9051CA331FC7E90C002E8918 /* libfmt.a */; };
		909D42811F9EA7E800EAD422 /* libglfw3.a in Frameworks */ = {isa = PBXBuildFile; fileRef = F2298A521F328D78007DCBB3 /* libglfw3.a */; };
		909D42821F9EAAFC00EAD422 /* libGLEW.a in Frameworks */ = {isa = PBXBuildFile; fileRef = F2298A501F328D70007DCBB3 /* libGLEW.a */; };
		90D010741FE278090082EF9F /* athi_rect.cpp in Sources */ = {isa = PBXBuildFile; fileRef = 90D010501FE278090082EF9F /* athi_rect.cpp */; };
		90D010751FE278090082EF9F /* athi_renderer.cpp in Sources */ = {isa = PBXBuildFile; fileRef = 90D010511FE278090082EF9F /* athi_renderer.cpp */; };
		90D010761FE278090082EF9F /* athi_settings.cpp in Sources */ = {isa = PBXBuildFile; fileRef = 90D010521FE278090082EF9F /* athi_settings.cpp */; };
		90D010771FE278090082EF9F /* athi_voxelgrid.cpp in Sources */ = {isa = PBXBuildFile; fileRef = 90D010541FE278090082EF9F /* athi_voxelgrid.cpp */; };
		90D010781FE278090082EF9F /* athi_utility.cpp in Sources */ = {isa = PBXBuildFile; fileRef = 90D010571FE278090082EF9F /* athi_utility.cpp */; };
		90D010791FE278090082EF9F /* athi_particle.cpp in Sources */ = {isa = PBXBuildFile; fileRef = 90D0105D1FE278090082EF9F /* athi_particle.cpp */; };
		90D0107A1FE278090082EF9F /* athi_window.cpp in Sources */ = {isa = PBXBuildFile; fileRef = 90D0105E1FE278090082EF9F /* athi_window.cpp */; };
		90D0107B1FE278090082EF9F /* athi_camera.cpp in Sources */ = {isa = PBXBuildFile; fileRef = 90D0105F1FE278090082EF9F /* athi_camera.cpp */; };
		90D0107C1FE278090082EF9F /* athi_core.cpp in Sources */ = {isa = PBXBuildFile; fileRef = 90D010641FE278090082EF9F /* athi_core.cpp */; };
		90D0107D1FE278090082EF9F /* athi_input.cpp in Sources */ = {isa = PBXBuildFile; fileRef = 90D0106B1FE278090082EF9F /* athi_input.cpp */; };
		90D0107E1FE278090082EF9F /* athi_line.cpp in Sources */ = {isa = PBXBuildFile; fileRef = 90D0106C1FE278090082EF9F /* athi_line.cpp */; };
		90D0107F1FE278090082EF9F /* main.cpp in Sources */ = {isa = PBXBuildFile; fileRef = 90D0106D1FE278090082EF9F /* main.cpp */; };
		90D010831FE2786D0082EF9F /* imgui_impl_glfw_gl3.cpp in Sources */ = {isa = PBXBuildFile; fileRef = 90D010801FE2786D0082EF9F /* imgui_impl_glfw_gl3.cpp */; };
		90D010841FE2786D0082EF9F /* imgui.cpp in Sources */ = {isa = PBXBuildFile; fileRef = 90D010811FE2786D0082EF9F /* imgui.cpp */; };
		90D010851FE2786D0082EF9F /* imgui_draw.cpp in Sources */ = {isa = PBXBuildFile; fileRef = 90D010821FE2786D0082EF9F /* imgui_draw.cpp */; };
		F2298A491F328D54007DCBB3 /* OpenGL.framework in Frameworks */ = {isa = PBXBuildFile; fileRef = F2298A481F328D54007DCBB3 /* OpenGL.framework */; };
		F2298A4B1F328D5A007DCBB3 /* IOKit.framework in Frameworks */ = {isa = PBXBuildFile; fileRef = F2298A4A1F328D5A007DCBB3 /* IOKit.framework */; };
		F2298A4D1F328D60007DCBB3 /* CoreVideo.framework in Frameworks */ = {isa = PBXBuildFile; fileRef = F2298A4C1F328D60007DCBB3 /* CoreVideo.framework */; };
		F2298A4F1F328D67007DCBB3 /* Cocoa.framework in Frameworks */ = {isa = PBXBuildFile; fileRef = F2298A4E1F328D67007DCBB3 /* Cocoa.framework */; };
		F2A08A681F3A01B200E2148B /* OpenCL.framework in Frameworks */ = {isa = PBXBuildFile; fileRef = F2A08A671F3A01B200E2148B /* OpenCL.framework */; };
/* End PBXBuildFile section */

/* Begin PBXCopyFilesBuildPhase section */
		F2298A091F328CDE007DCBB3 /* CopyFiles */ = {
			isa = PBXCopyFilesBuildPhase;
			buildActionMask = 2147483647;
			dstPath = /usr/share/man/man1/;
			dstSubfolderSpec = 0;
			files = (
			);
			runOnlyForDeploymentPostprocessing = 1;
		};
/* End PBXCopyFilesBuildPhase section */

/* Begin PBXFileReference section */
		901213151F8AE54800370145 /* libGLEW.2.1.0.dylib */ = {isa = PBXFileReference; lastKnownFileType = "compiled.mach-o.dylib"; name = libGLEW.2.1.0.dylib; path = ../../../../../usr/local/Cellar/glew/2.1.0/lib/libGLEW.2.1.0.dylib; sourceTree = "<group>"; };
		901213171F8AE55500370145 /* libglfw.3.2.dylib */ = {isa = PBXFileReference; lastKnownFileType = "compiled.mach-o.dylib"; name = libglfw.3.2.dylib; path = ../../../../../usr/local/Cellar/glfw/3.2.1/lib/libglfw.3.2.dylib; sourceTree = "<group>"; };
		9051CA331FC7E90C002E8918 /* libfmt.a */ = {isa = PBXFileReference; lastKnownFileType = archive.ar; name = libfmt.a; path = ../../../../../usr/local/Cellar/fmt/4.0.0/lib/libfmt.a; sourceTree = "<group>"; };
		90D010491FE278090082EF9F /* athi_texture.h */ = {isa = PBXFileReference; fileEncoding = 4; lastKnownFileType = sourcecode.c.h; path = athi_texture.h; sourceTree = "<group>"; };
		90D0104A1FE278090082EF9F /* athi_line.h */ = {isa = PBXFileReference; fileEncoding = 4; lastKnownFileType = sourcecode.c.h; path = athi_line.h; sourceTree = "<group>"; };
		90D0104B1FE278090082EF9F /* athi_utility.h */ = {isa = PBXFileReference; fileEncoding = 4; lastKnownFileType = sourcecode.c.h; path = athi_utility.h; sourceTree = "<group>"; };
		90D0104C1FE278090082EF9F /* athi_spring.h */ = {isa = PBXFileReference; fileEncoding = 4; lastKnownFileType = sourcecode.c.h; path = athi_spring.h; sourceTree = "<group>"; };
		90D0104D1FE278090082EF9F /* athi_quadtree.h */ = {isa = PBXFileReference; fileEncoding = 4; lastKnownFileType = sourcecode.c.h; path = athi_quadtree.h; sourceTree = "<group>"; };
		90D0104E1FE278090082EF9F /* athi_transform.h */ = {isa = PBXFileReference; fileEncoding = 4; lastKnownFileType = sourcecode.c.h; path = athi_transform.h; sourceTree = "<group>"; };
		90D0104F1FE278090082EF9F /* ThreadPool.h */ = {isa = PBXFileReference; fileEncoding = 4; lastKnownFileType = sourcecode.c.h; path = ThreadPool.h; sourceTree = "<group>"; };
		90D010501FE278090082EF9F /* athi_rect.cpp */ = {isa = PBXFileReference; fileEncoding = 4; lastKnownFileType = sourcecode.cpp.cpp; path = athi_rect.cpp; sourceTree = "<group>"; };
		90D010511FE278090082EF9F /* athi_renderer.cpp */ = {isa = PBXFileReference; fileEncoding = 4; lastKnownFileType = sourcecode.cpp.cpp; path = athi_renderer.cpp; sourceTree = "<group>"; };
		90D010521FE278090082EF9F /* athi_settings.cpp */ = {isa = PBXFileReference; fileEncoding = 4; lastKnownFileType = sourcecode.cpp.cpp; path = athi_settings.cpp; sourceTree = "<group>"; };
		90D010531FE278090082EF9F /* athi_resource.h */ = {isa = PBXFileReference; fileEncoding = 4; lastKnownFileType = sourcecode.c.h; path = athi_resource.h; sourceTree = "<group>"; };
		90D010541FE278090082EF9F /* athi_voxelgrid.cpp */ = {isa = PBXFileReference; fileEncoding = 4; lastKnownFileType = sourcecode.cpp.cpp; path = athi_voxelgrid.cpp; sourceTree = "<group>"; };
		90D010551FE278090082EF9F /* athi_particle.h */ = {isa = PBXFileReference; fileEncoding = 4; lastKnownFileType = sourcecode.c.h; path = athi_particle.h; sourceTree = "<group>"; };
		90D010561FE278090082EF9F /* athi_rect.h */ = {isa = PBXFileReference; fileEncoding = 4; lastKnownFileType = sourcecode.c.h; path = athi_rect.h; sourceTree = "<group>"; };
		90D010571FE278090082EF9F /* athi_utility.cpp */ = {isa = PBXFileReference; fileEncoding = 4; lastKnownFileType = sourcecode.cpp.cpp; path = athi_utility.cpp; sourceTree = "<group>"; };
		90D010581FE278090082EF9F /* athi_voxelgrid.h */ = {isa = PBXFileReference; fileEncoding = 4; lastKnownFileType = sourcecode.c.h; path = athi_voxelgrid.h; sourceTree = "<group>"; };
		90D010591FE278090082EF9F /* athi_input.h */ = {isa = PBXFileReference; fileEncoding = 4; lastKnownFileType = sourcecode.c.h; path = athi_input.h; sourceTree = "<group>"; };
		90D0105A1FE278090082EF9F /* athi_window.h */ = {isa = PBXFileReference; fileEncoding = 4; lastKnownFileType = sourcecode.c.h; path = athi_window.h; sourceTree = "<group>"; };
		90D0105B1FE278090082EF9F /* athi_renderer.h */ = {isa = PBXFileReference; fileEncoding = 4; lastKnownFileType = sourcecode.c.h; path = athi_renderer.h; sourceTree = "<group>"; };
		90D0105C1FE278090082EF9F /* athi_camera.h */ = {isa = PBXFileReference; fileEncoding = 4; lastKnownFileType = sourcecode.c.h; path = athi_camera.h; sourceTree = "<group>"; };
		90D0105D1FE278090082EF9F /* athi_particle.cpp */ = {isa = PBXFileReference; fileEncoding = 4; lastKnownFileType = sourcecode.cpp.cpp; path = athi_particle.cpp; sourceTree = "<group>"; };
		90D0105E1FE278090082EF9F /* athi_window.cpp */ = {isa = PBXFileReference; fileEncoding = 4; lastKnownFileType = sourcecode.cpp.cpp; path = athi_window.cpp; sourceTree = "<group>"; };
		90D0105F1FE278090082EF9F /* athi_camera.cpp */ = {isa = PBXFileReference; fileEncoding = 4; lastKnownFileType = sourcecode.cpp.cpp; path = athi_camera.cpp; sourceTree = "<group>"; };
		90D010601FE278090082EF9F /* athi_shader.h */ = {isa = PBXFileReference; fileEncoding = 4; lastKnownFileType = sourcecode.c.h; path = athi_shader.h; sourceTree = "<group>"; };
		90D010611FE278090082EF9F /* athi_typedefs.h */ = {isa = PBXFileReference; fileEncoding = 4; lastKnownFileType = sourcecode.c.h; path = athi_typedefs.h; sourceTree = "<group>"; };
		90D010621FE278090082EF9F /* athi_gui.h */ = {isa = PBXFileReference; fileEncoding = 4; lastKnownFileType = sourcecode.c.h; path = athi_gui.h; sourceTree = "<group>"; };
		90D010631FE278090082EF9F /* athi_settings.h */ = {isa = PBXFileReference; fileEncoding = 4; lastKnownFileType = sourcecode.c.h; path = athi_settings.h; sourceTree = "<group>"; };
		90D010641FE278090082EF9F /* athi_core.cpp */ = {isa = PBXFileReference; fileEncoding = 4; lastKnownFileType = sourcecode.cpp.cpp; path = athi_core.cpp; sourceTree = "<group>"; };
		90D010661FE278090082EF9F /* settings.json */ = {isa = PBXFileReference; fileEncoding = 4; lastKnownFileType = text.json; path = settings.json; sourceTree = "<group>"; };
		90D010671FE278090082EF9F /* c_cpp_properties.json */ = {isa = PBXFileReference; fileEncoding = 4; lastKnownFileType = text.json; path = c_cpp_properties.json; sourceTree = "<group>"; };
		90D010681FE278090082EF9F /* launch.json */ = {isa = PBXFileReference; fileEncoding = 4; lastKnownFileType = text.json; path = launch.json; sourceTree = "<group>"; };
		90D010691FE278090082EF9F /* tasks.json */ = {isa = PBXFileReference; fileEncoding = 4; lastKnownFileType = text.json; path = tasks.json; sourceTree = "<group>"; };
		90D0106A1FE278090082EF9F /* athi_core.h */ = {isa = PBXFileReference; fileEncoding = 4; lastKnownFileType = sourcecode.c.h; path = athi_core.h; sourceTree = "<group>"; };
		90D0106B1FE278090082EF9F /* athi_input.cpp */ = {isa = PBXFileReference; fileEncoding = 4; lastKnownFileType = sourcecode.cpp.cpp; path = athi_input.cpp; sourceTree = "<group>"; };
		90D0106C1FE278090082EF9F /* athi_line.cpp */ = {isa = PBXFileReference; fileEncoding = 4; lastKnownFileType = sourcecode.cpp.cpp; path = athi_line.cpp; sourceTree = "<group>"; };
		90D0106D1FE278090082EF9F /* main.cpp */ = {isa = PBXFileReference; fileEncoding = 4; lastKnownFileType = sourcecode.cpp.cpp; path = main.cpp; sourceTree = "<group>"; };
		90D0106F1FE278090082EF9F /* src.iml */ = {isa = PBXFileReference; fileEncoding = 4; lastKnownFileType = text.xml; path = src.iml; sourceTree = "<group>"; };
		90D010701FE278090082EF9F /* workspace.xml */ = {isa = PBXFileReference; fileEncoding = 4; lastKnownFileType = text.xml; path = workspace.xml; sourceTree = "<group>"; };
		90D010711FE278090082EF9F /* modules.xml */ = {isa = PBXFileReference; fileEncoding = 4; lastKnownFileType = text.xml; path = modules.xml; sourceTree = "<group>"; };
		90D010721FE278090082EF9F /* .name */ = {isa = PBXFileReference; fileEncoding = 4; lastKnownFileType = text; path = .name; sourceTree = "<group>"; };
		90D010731FE278090082EF9F /* misc.xml */ = {isa = PBXFileReference; fileEncoding = 4; lastKnownFileType = text.xml; path = misc.xml; sourceTree = "<group>"; };
		90D010801FE2786D0082EF9F /* imgui_impl_glfw_gl3.cpp */ = {isa = PBXFileReference; fileEncoding = 4; lastKnownFileType = sourcecode.cpp.cpp; name = imgui_impl_glfw_gl3.cpp; path = dep/Universal/imgui_impl_glfw_gl3.cpp; sourceTree = "<group>"; };
		90D010811FE2786D0082EF9F /* imgui.cpp */ = {isa = PBXFileReference; fileEncoding = 4; lastKnownFileType = sourcecode.cpp.cpp; name = imgui.cpp; path = dep/Universal/imgui.cpp; sourceTree = "<group>"; };
		90D010821FE2786D0082EF9F /* imgui_draw.cpp */ = {isa = PBXFileReference; fileEncoding = 4; lastKnownFileType = sourcecode.cpp.cpp; name = imgui_draw.cpp; path = dep/Universal/imgui_draw.cpp; sourceTree = "<group>"; };
		F2298A0B1F328CDE007DCBB3 /* Athi */ = {isa = PBXFileReference; explicitFileType = "compiled.mach-o.executable"; includeInIndex = 0; path = Athi; sourceTree = BUILT_PRODUCTS_DIR; };
		F2298A481F328D54007DCBB3 /* OpenGL.framework */ = {isa = PBXFileReference; lastKnownFileType = wrapper.framework; name = OpenGL.framework; path = System/Library/Frameworks/OpenGL.framework; sourceTree = SDKROOT; };
		F2298A4A1F328D5A007DCBB3 /* IOKit.framework */ = {isa = PBXFileReference; lastKnownFileType = wrapper.framework; name = IOKit.framework; path = System/Library/Frameworks/IOKit.framework; sourceTree = SDKROOT; };
		F2298A4C1F328D60007DCBB3 /* CoreVideo.framework */ = {isa = PBXFileReference; lastKnownFileType = wrapper.framework; name = CoreVideo.framework; path = System/Library/Frameworks/CoreVideo.framework; sourceTree = SDKROOT; };
		F2298A4E1F328D67007DCBB3 /* Cocoa.framework */ = {isa = PBXFileReference; lastKnownFileType = wrapper.framework; name = Cocoa.framework; path = System/Library/Frameworks/Cocoa.framework; sourceTree = SDKROOT; };
		F2298A501F328D70007DCBB3 /* libGLEW.a */ = {isa = PBXFileReference; lastKnownFileType = archive.ar; name = libGLEW.a; path = dep/macOS/GL/libGLEW.a; sourceTree = "<group>"; };
		F2298A521F328D78007DCBB3 /* libglfw3.a */ = {isa = PBXFileReference; lastKnownFileType = archive.ar; name = libglfw3.a; path = dep/macOS/GLFW/libglfw3.a; sourceTree = "<group>"; };
		F2A08A671F3A01B200E2148B /* OpenCL.framework */ = {isa = PBXFileReference; lastKnownFileType = wrapper.framework; name = OpenCL.framework; path = System/Library/Frameworks/OpenCL.framework; sourceTree = SDKROOT; };
/* End PBXFileReference section */

/* Begin PBXFrameworksBuildPhase section */
		F2298A081F328CDE007DCBB3 /* Frameworks */ = {
			isa = PBXFrameworksBuildPhase;
			buildActionMask = 2147483647;
			files = (
				9051CA341FC7E90C002E8918 /* libfmt.a in Frameworks */,
				909D42821F9EAAFC00EAD422 /* libGLEW.a in Frameworks */,
				909D42811F9EA7E800EAD422 /* libglfw3.a in Frameworks */,
				F2A08A681F3A01B200E2148B /* OpenCL.framework in Frameworks */,
				F2298A4F1F328D67007DCBB3 /* Cocoa.framework in Frameworks */,
				F2298A4D1F328D60007DCBB3 /* CoreVideo.framework in Frameworks */,
				F2298A4B1F328D5A007DCBB3 /* IOKit.framework in Frameworks */,
				F2298A491F328D54007DCBB3 /* OpenGL.framework in Frameworks */,
			);
			runOnlyForDeploymentPostprocessing = 0;
		};
/* End PBXFrameworksBuildPhase section */

/* Begin PBXGroup section */
		90D010481FE278090082EF9F /* src */ = {
			isa = PBXGroup;
			children = (
				90D010491FE278090082EF9F /* athi_texture.h */,
				90D0104A1FE278090082EF9F /* athi_line.h */,
				90D0104B1FE278090082EF9F /* athi_utility.h */,
				90D0104C1FE278090082EF9F /* athi_spring.h */,
				90D0104D1FE278090082EF9F /* athi_quadtree.h */,
				90D0104E1FE278090082EF9F /* athi_transform.h */,
				90D0104F1FE278090082EF9F /* ThreadPool.h */,
				90D010501FE278090082EF9F /* athi_rect.cpp */,
				90D010511FE278090082EF9F /* athi_renderer.cpp */,
				90D010521FE278090082EF9F /* athi_settings.cpp */,
				90D010531FE278090082EF9F /* athi_resource.h */,
				90D010541FE278090082EF9F /* athi_voxelgrid.cpp */,
				90D010551FE278090082EF9F /* athi_particle.h */,
				90D010561FE278090082EF9F /* athi_rect.h */,
				90D010571FE278090082EF9F /* athi_utility.cpp */,
				90D010581FE278090082EF9F /* athi_voxelgrid.h */,
				90D010591FE278090082EF9F /* athi_input.h */,
				90D0105A1FE278090082EF9F /* athi_window.h */,
				90D0105B1FE278090082EF9F /* athi_renderer.h */,
				90D0105C1FE278090082EF9F /* athi_camera.h */,
				90D0105D1FE278090082EF9F /* athi_particle.cpp */,
				90D0105E1FE278090082EF9F /* athi_window.cpp */,
				90D0105F1FE278090082EF9F /* athi_camera.cpp */,
				90D010601FE278090082EF9F /* athi_shader.h */,
				90D010611FE278090082EF9F /* athi_typedefs.h */,
				90D010621FE278090082EF9F /* athi_gui.h */,
				90D010631FE278090082EF9F /* athi_settings.h */,
				90D010641FE278090082EF9F /* athi_core.cpp */,
				90D010651FE278090082EF9F /* .vscode */,
				90D0106A1FE278090082EF9F /* athi_core.h */,
				90D0106B1FE278090082EF9F /* athi_input.cpp */,
				90D0106C1FE278090082EF9F /* athi_line.cpp */,
				90D0106D1FE278090082EF9F /* main.cpp */,
				90D0106E1FE278090082EF9F /* .idea */,
			);
			path = src;
			sourceTree = "<group>";
		};
		90D010651FE278090082EF9F /* .vscode */ = {
			isa = PBXGroup;
			children = (
				90D010661FE278090082EF9F /* settings.json */,
				90D010671FE278090082EF9F /* c_cpp_properties.json */,
				90D010681FE278090082EF9F /* launch.json */,
				90D010691FE278090082EF9F /* tasks.json */,
			);
			path = .vscode;
			sourceTree = "<group>";
		};
		90D0106E1FE278090082EF9F /* .idea */ = {
			isa = PBXGroup;
			children = (
				90D0106F1FE278090082EF9F /* src.iml */,
				90D010701FE278090082EF9F /* workspace.xml */,
				90D010711FE278090082EF9F /* modules.xml */,
				90D010721FE278090082EF9F /* .name */,
				90D010731FE278090082EF9F /* misc.xml */,
			);
			path = .idea;
			sourceTree = "<group>";
		};
		F2298A021F328CDE007DCBB3 = {
			isa = PBXGroup;
			children = (
				90D010821FE2786D0082EF9F /* imgui_draw.cpp */,
				90D010801FE2786D0082EF9F /* imgui_impl_glfw_gl3.cpp */,
				90D010811FE2786D0082EF9F /* imgui.cpp */,
				90D010481FE278090082EF9F /* src */,
				F2298A0C1F328CDE007DCBB3 /* Products */,
				F2298A471F328D54007DCBB3 /* Frameworks */,
			);
			sourceTree = "<group>";
		};
		F2298A0C1F328CDE007DCBB3 /* Products */ = {
			isa = PBXGroup;
			children = (
				F2298A0B1F328CDE007DCBB3 /* Athi */,
			);
			name = Products;
			sourceTree = "<group>";
		};
		F2298A471F328D54007DCBB3 /* Frameworks */ = {
			isa = PBXGroup;
			children = (
				9051CA331FC7E90C002E8918 /* libfmt.a */,
				901213171F8AE55500370145 /* libglfw.3.2.dylib */,
				901213151F8AE54800370145 /* libGLEW.2.1.0.dylib */,
				F2A08A671F3A01B200E2148B /* OpenCL.framework */,
				F2298A521F328D78007DCBB3 /* libglfw3.a */,
				F2298A501F328D70007DCBB3 /* libGLEW.a */,
				F2298A4E1F328D67007DCBB3 /* Cocoa.framework */,
				F2298A4C1F328D60007DCBB3 /* CoreVideo.framework */,
				F2298A4A1F328D5A007DCBB3 /* IOKit.framework */,
				F2298A481F328D54007DCBB3 /* OpenGL.framework */,
			);
			name = Frameworks;
			sourceTree = "<group>";
		};
/* End PBXGroup section */

/* Begin PBXNativeTarget section */
		F2298A0A1F328CDE007DCBB3 /* Athi */ = {
			isa = PBXNativeTarget;
			buildConfigurationList = F2298A121F328CDE007DCBB3 /* Build configuration list for PBXNativeTarget "Athi" */;
			buildPhases = (
				F2298A071F328CDE007DCBB3 /* Sources */,
				F2298A081F328CDE007DCBB3 /* Frameworks */,
				F2298A091F328CDE007DCBB3 /* CopyFiles */,
			);
			buildRules = (
			);
			dependencies = (
			);
			name = Athi;
			productName = Athi;
			productReference = F2298A0B1F328CDE007DCBB3 /* Athi */;
			productType = "com.apple.product-type.tool";
		};
/* End PBXNativeTarget section */

/* Begin PBXProject section */
		F2298A031F328CDE007DCBB3 /* Project object */ = {
			isa = PBXProject;
			attributes = {
				LastUpgradeCheck = 0900;
				ORGANIZATIONNAME = mathiassen;
				TargetAttributes = {
					F2298A0A1F328CDE007DCBB3 = {
						CreatedOnToolsVersion = 8.3.3;
						DevelopmentTeam = 6D77ZFXSCS;
						ProvisioningStyle = Automatic;
					};
				};
			};
			buildConfigurationList = F2298A061F328CDE007DCBB3 /* Build configuration list for PBXProject "Athi" */;
			compatibilityVersion = "Xcode 3.2";
			developmentRegion = English;
			hasScannedForEncodings = 0;
			knownRegions = (
				en,
				Base,
			);
			mainGroup = F2298A021F328CDE007DCBB3;
			productRefGroup = F2298A0C1F328CDE007DCBB3 /* Products */;
			projectDirPath = "";
			projectRoot = "";
			targets = (
				F2298A0A1F328CDE007DCBB3 /* Athi */,
			);
		};
/* End PBXProject section */

/* Begin PBXSourcesBuildPhase section */
		F2298A071F328CDE007DCBB3 /* Sources */ = {
			isa = PBXSourcesBuildPhase;
			buildActionMask = 2147483647;
			files = (
				90D010771FE278090082EF9F /* athi_voxelgrid.cpp in Sources */,
				90D010791FE278090082EF9F /* athi_particle.cpp in Sources */,
				90D010831FE2786D0082EF9F /* imgui_impl_glfw_gl3.cpp in Sources */,
				90D010851FE2786D0082EF9F /* imgui_draw.cpp in Sources */,
				90D0107F1FE278090082EF9F /* main.cpp in Sources */,
				90D0107E1FE278090082EF9F /* athi_line.cpp in Sources */,
				90D010841FE2786D0082EF9F /* imgui.cpp in Sources */,
				90D0107A1FE278090082EF9F /* athi_window.cpp in Sources */,
				90D010781FE278090082EF9F /* athi_utility.cpp in Sources */,
				90D0107D1FE278090082EF9F /* athi_input.cpp in Sources */,
				90D0107C1FE278090082EF9F /* athi_core.cpp in Sources */,
				90D010761FE278090082EF9F /* athi_settings.cpp in Sources */,
				90D010751FE278090082EF9F /* athi_renderer.cpp in Sources */,
				90D0107B1FE278090082EF9F /* athi_camera.cpp in Sources */,
				90D010741FE278090082EF9F /* athi_rect.cpp in Sources */,
			);
			runOnlyForDeploymentPostprocessing = 0;
		};
/* End PBXSourcesBuildPhase section */

/* Begin XCBuildConfiguration section */
		F2298A101F328CDE007DCBB3 /* Debug */ = {
			isa = XCBuildConfiguration;
			buildSettings = {
				ALWAYS_SEARCH_USER_PATHS = NO;
				CLANG_ANALYZER_NONNULL = YES;
				CLANG_ANALYZER_NUMBER_OBJECT_CONVERSION = YES_AGGRESSIVE;
				CLANG_CXX_LANGUAGE_STANDARD = "c++17";
				CLANG_CXX_LIBRARY = "libc++";
				CLANG_ENABLE_MODULES = YES;
				CLANG_ENABLE_OBJC_ARC = YES;
				CLANG_WARN_BLOCK_CAPTURE_AUTORELEASING = YES;
				CLANG_WARN_BOOL_CONVERSION = YES;
				CLANG_WARN_COMMA = YES;
				CLANG_WARN_CONSTANT_CONVERSION = YES;
				CLANG_WARN_DIRECT_OBJC_ISA_USAGE = YES_ERROR;
				CLANG_WARN_DOCUMENTATION_COMMENTS = YES;
				CLANG_WARN_EMPTY_BODY = YES;
				CLANG_WARN_ENUM_CONVERSION = YES;
				CLANG_WARN_INFINITE_RECURSION = YES;
				CLANG_WARN_INT_CONVERSION = YES;
				CLANG_WARN_NON_LITERAL_NULL_CONVERSION = YES;
				CLANG_WARN_OBJC_LITERAL_CONVERSION = YES;
				CLANG_WARN_OBJC_ROOT_CLASS = YES_ERROR;
				CLANG_WARN_RANGE_LOOP_ANALYSIS = YES;
				CLANG_WARN_STRICT_PROTOTYPES = YES;
				CLANG_WARN_SUSPICIOUS_MOVE = YES;
				CLANG_WARN_UNREACHABLE_CODE = YES;
				CLANG_WARN__DUPLICATE_METHOD_MATCH = YES;
				CODE_SIGN_IDENTITY = "-";
				COPY_PHASE_STRIP = NO;
				DEBUG_INFORMATION_FORMAT = dwarf;
				ENABLE_STRICT_OBJC_MSGSEND = YES;
				ENABLE_TESTABILITY = YES;
				GCC_C_LANGUAGE_STANDARD = gnu99;
				GCC_DYNAMIC_NO_PIC = NO;
				GCC_NO_COMMON_BLOCKS = YES;
				GCC_OPTIMIZATION_LEVEL = 0;
				GCC_PREPROCESSOR_DEFINITIONS = (
					"DEBUG=1",
					"$(inherited)",
				);
				GCC_WARN_64_TO_32_BIT_CONVERSION = YES;
				GCC_WARN_ABOUT_RETURN_TYPE = YES_ERROR;
				GCC_WARN_UNDECLARED_SELECTOR = YES;
				GCC_WARN_UNINITIALIZED_AUTOS = YES_AGGRESSIVE;
				GCC_WARN_UNUSED_FUNCTION = YES;
				GCC_WARN_UNUSED_VARIABLE = YES;
				MACOSX_DEPLOYMENT_TARGET = 10.12;
				MTL_ENABLE_DEBUG_INFO = YES;
				ONLY_ACTIVE_ARCH = YES;
				SDKROOT = macosx;
			};
			name = Debug;
		};
		F2298A111F328CDE007DCBB3 /* Release */ = {
			isa = XCBuildConfiguration;
			buildSettings = {
				ALWAYS_SEARCH_USER_PATHS = NO;
				CLANG_ANALYZER_NONNULL = YES;
				CLANG_ANALYZER_NUMBER_OBJECT_CONVERSION = YES_AGGRESSIVE;
				CLANG_CXX_LANGUAGE_STANDARD = "c++17";
				CLANG_CXX_LIBRARY = "libc++";
				CLANG_ENABLE_MODULES = YES;
				CLANG_ENABLE_OBJC_ARC = YES;
				CLANG_WARN_BLOCK_CAPTURE_AUTORELEASING = YES;
				CLANG_WARN_BOOL_CONVERSION = YES;
				CLANG_WARN_COMMA = YES;
				CLANG_WARN_CONSTANT_CONVERSION = YES;
				CLANG_WARN_DIRECT_OBJC_ISA_USAGE = YES_ERROR;
				CLANG_WARN_DOCUMENTATION_COMMENTS = YES;
				CLANG_WARN_EMPTY_BODY = YES;
				CLANG_WARN_ENUM_CONVERSION = YES;
				CLANG_WARN_INFINITE_RECURSION = YES;
				CLANG_WARN_INT_CONVERSION = YES;
				CLANG_WARN_NON_LITERAL_NULL_CONVERSION = YES;
				CLANG_WARN_OBJC_LITERAL_CONVERSION = YES;
				CLANG_WARN_OBJC_ROOT_CLASS = YES_ERROR;
				CLANG_WARN_RANGE_LOOP_ANALYSIS = YES;
				CLANG_WARN_STRICT_PROTOTYPES = YES;
				CLANG_WARN_SUSPICIOUS_MOVE = YES;
				CLANG_WARN_UNREACHABLE_CODE = YES;
				CLANG_WARN__DUPLICATE_METHOD_MATCH = YES;
				CODE_SIGN_IDENTITY = "-";
				COPY_PHASE_STRIP = NO;
				DEBUG_INFORMATION_FORMAT = "dwarf-with-dsym";
				ENABLE_NS_ASSERTIONS = NO;
				ENABLE_STRICT_OBJC_MSGSEND = YES;
				GCC_C_LANGUAGE_STANDARD = gnu99;
				GCC_NO_COMMON_BLOCKS = YES;
				GCC_OPTIMIZATION_LEVEL = 0;
				GCC_WARN_64_TO_32_BIT_CONVERSION = YES;
				GCC_WARN_ABOUT_RETURN_TYPE = YES_ERROR;
				GCC_WARN_UNDECLARED_SELECTOR = YES;
				GCC_WARN_UNINITIALIZED_AUTOS = YES_AGGRESSIVE;
				GCC_WARN_UNUSED_FUNCTION = YES;
				GCC_WARN_UNUSED_VARIABLE = YES;
				MACOSX_DEPLOYMENT_TARGET = 10.12;
				MTL_ENABLE_DEBUG_INFO = NO;
				SDKROOT = macosx;
			};
			name = Release;
		};
		F2298A131F328CDE007DCBB3 /* Debug */ = {
			isa = XCBuildConfiguration;
			buildSettings = {
				CLANG_ADDRESS_SANITIZER_CONTAINER_OVERFLOW = YES;
				CLANG_CXX_LANGUAGE_STANDARD = "c++17";
				CLANG_WARN_DOCUMENTATION_COMMENTS = NO;
				CODE_SIGN_IDENTITY = "Mac Developer";
				DEVELOPMENT_TEAM = "";
				GCC_OPTIMIZATION_LEVEL = 0;
				GCC_UNROLL_LOOPS = NO;
				GCC_WARN_INHIBIT_ALL_WARNINGS = NO;
				GCC_WARN_NON_VIRTUAL_DESTRUCTOR = YES;
				GCC_WARN_PEDANTIC = YES;
				GCC_WARN_UNUSED_FUNCTION = NO;
				HEADER_SEARCH_PATHS = (
					"/Users/marcusmathiassen/Documents/GitHub/Athi/dep/macOS/**",
					/Users/marcusmathiassen/Documents/GitHub/Athi/dep/Universal,
				);
				LIBRARY_SEARCH_PATHS = (
					"$(PROJECT_DIR)/dep/macOS/**",
					/usr/local/Cellar/fmt/4.0.0/lib,
				);
				LLVM_LTO = NO;
				MACOSX_DEPLOYMENT_TARGET = 10.13;
				PRODUCT_NAME = "$(TARGET_NAME)";
				PROVISIONING_PROFILE_SPECIFIER = "";
			};
			name = Debug;
		};
		F2298A141F328CDE007DCBB3 /* Release */ = {
			isa = XCBuildConfiguration;
			buildSettings = {
				CLANG_ADDRESS_SANITIZER_CONTAINER_OVERFLOW = YES;
				CLANG_CXX_LANGUAGE_STANDARD = "c++17";
				CLANG_WARN_DOCUMENTATION_COMMENTS = NO;
				CODE_SIGN_IDENTITY = "Mac Developer";
				DEVELOPMENT_TEAM = "";
				GCC_OPTIMIZATION_LEVEL = 0;
				GCC_UNROLL_LOOPS = NO;
				GCC_WARN_INHIBIT_ALL_WARNINGS = NO;
				GCC_WARN_NON_VIRTUAL_DESTRUCTOR = YES;
				GCC_WARN_PEDANTIC = YES;
				GCC_WARN_UNUSED_FUNCTION = NO;
				HEADER_SEARCH_PATHS = (
					"/Users/marcusmathiassen/Documents/GitHub/Athi/dep/macOS/**",
					/Users/marcusmathiassen/Documents/GitHub/Athi/dep/Universal,
				);
				LIBRARY_SEARCH_PATHS = (
					"$(PROJECT_DIR)/dep/macOS/**",
					/usr/local/Cellar/fmt/4.0.0/lib,
				);
				LLVM_LTO = NO;
				MACOSX_DEPLOYMENT_TARGET = 10.13;
				PRODUCT_NAME = "$(TARGET_NAME)";
				PROVISIONING_PROFILE_SPECIFIER = "";
			};
			name = Release;
		};
/* End XCBuildConfiguration section */

/* Begin XCConfigurationList section */
		F2298A061F328CDE007DCBB3 /* Build configuration list for PBXProject "Athi" */ = {
			isa = XCConfigurationList;
			buildConfigurations = (
				F2298A101F328CDE007DCBB3 /* Debug */,
				F2298A111F328CDE007DCBB3 /* Release */,
			);
			defaultConfigurationIsVisible = 0;
			defaultConfigurationName = Release;
		};
		F2298A121F328CDE007DCBB3 /* Build configuration list for PBXNativeTarget "Athi" */ = {
			isa = XCConfigurationList;
			buildConfigurations = (
				F2298A131F328CDE007DCBB3 /* Debug */,
				F2298A141F328CDE007DCBB3 /* Release */,
			);
			defaultConfigurationIsVisible = 0;
			defaultConfigurationName = Release;
		};
/* End XCConfigurationList section */
	};
	rootObject = F2298A031F328CDE007DCBB3 /* Project object */;
}
