<?xml version="1.0" encoding="utf-8"?>
<Project ToolsVersion="4.0" xmlns="http://schemas.microsoft.com/developer/msbuild/2003">
  <ItemGroup>
    <Filter Include="Source Files">
      <UniqueIdentifier>{4FC737F1-C7A5-4376-A066-2A32D752A2FF}</UniqueIdentifier>
      <Extensions>cpp;c;cc;cxx;def;odl;idl;hpj;bat;asm;asmx</Extensions>
    </Filter>
    <Filter Include="Header Files">
      <UniqueIdentifier>{93995380-89BD-4b04-88EB-625FBE52EBFB}</UniqueIdentifier>
      <Extensions>h;hh;hpp;hxx;hm;inl;inc;xsd</Extensions>
    </Filter>
    <Filter Include="Resource Files">
      <UniqueIdentifier>{67DA6AB6-F800-4c08-8B7A-83BB121AAD01}</UniqueIdentifier>
      <Extensions>rc;ico;cur;bmp;dlg;rc2;rct;bin;rgs;gif;jpg;jpeg;jpe;resx;tiff;tif;png;wav</Extensions>
    </Filter>
  </ItemGroup>
  <ItemGroup>
    <ClCompile Include="athi_core.cpp">
      <Filter>Source Files</Filter>
    </ClCompile>
    <ClCompile Include="athi_dispatch.cpp">
      <Filter>Source Files</Filter>
    </ClCompile>
    <ClCompile Include="athi_input.cpp">
      <Filter>Source Files</Filter>
    </ClCompile>
    <ClCompile Include="athi_particle.cpp">
      <Filter>Source Files</Filter>
    </ClCompile>
    <ClCompile Include="athi_resource.cpp">
      <Filter>Source Files</Filter>
    </ClCompile>
    <ClCompile Include="athi_settings.cpp">
      <Filter>Source Files</Filter>
    </ClCompile>
    <ClCompile Include="athi_utility.cpp">
      <Filter>Source Files</Filter>
    </ClCompile>
    <ClCompile Include="athi_window.cpp">
      <Filter>Source Files</Filter>
    </ClCompile>
    <ClCompile Include="main.cpp">
      <Filter>Source Files</Filter>
    </ClCompile>
    <ClCompile Include="renderer\athi_buffer.cpp">
      <Filter>Source Files</Filter>
    </ClCompile>
    <ClCompile Include="renderer\athi_camera.cpp">
      <Filter>Source Files</Filter>
    </ClCompile>
    <ClCompile Include="renderer\athi_circle.cpp">
      <Filter>Source Files</Filter>
    </ClCompile>
    <ClCompile Include="renderer\athi_line.cpp">
      <Filter>Source Files</Filter>
    </ClCompile>
    <ClCompile Include="renderer\athi_rect.cpp">
      <Filter>Source Files</Filter>
    </ClCompile>
    <ClCompile Include="renderer\athi_renderer.cpp">
      <Filter>Source Files</Filter>
    </ClCompile>
    <ClCompile Include="renderer\athi_shader.cpp">
      <Filter>Source Files</Filter>
    </ClCompile>
    <ClCompile Include="renderer\athi_text.cpp">
      <Filter>Source Files</Filter>
    </ClCompile>
    <ClCompile Include="utility\profiler.cpp">
      <Filter>Source Files</Filter>
    </ClCompile>
    <ClCompile Include="utility\threadsafe_container.cpp">
      <Filter>Source Files</Filter>
    </ClCompile>
  </ItemGroup>
  <ItemGroup>
    <ClInclude Include="athi_core.h">
      <Filter>Header Files</Filter>
    </ClInclude>
    <ClInclude Include="athi_dispatch.h">
      <Filter>Header Files</Filter>
    </ClInclude>
    <ClInclude Include="athi_gui.h">
      <Filter>Header Files</Filter>
    </ClInclude>
    <ClInclude Include="athi_input.h">
      <Filter>Header Files</Filter>
    </ClInclude>
    <ClInclude Include="athi_particle.h">
      <Filter>Header Files</Filter>
    </ClInclude>
    <ClInclude Include="athi_quadtree.h">
      <Filter>Header Files</Filter>
    </ClInclude>
    <ClInclude Include="athi_resource.h">
      <Filter>Header Files</Filter>
    </ClInclude>
    <ClInclude Include="athi_settings.h">
      <Filter>Header Files</Filter>
    </ClInclude>
    <ClInclude Include="athi_transform.h">
      <Filter>Header Files</Filter>
    </ClInclude>
    <ClInclude Include="athi_typedefs.h">
      <Filter>Header Files</Filter>
    </ClInclude>
    <ClInclude Include="athi_uniformgrid.h">
      <Filter>Header Files</Filter>
    </ClInclude>
    <ClInclude Include="athi_utility.h">
      <Filter>Header Files</Filter>
    </ClInclude>
    <ClInclude Include="athi_window.h">
      <Filter>Header Files</Filter>
    </ClInclude>
    <ClInclude Include="entity.h">
      <Filter>Header Files</Filter>
    </ClInclude>
    <ClInclude Include="physics\athi_spring.h">
      <Filter>Header Files</Filter>
    </ClInclude>
    <ClInclude Include="renderer\athi_buffer.h">
      <Filter>Header Files</Filter>
    </ClInclude>
    <ClInclude Include="renderer\athi_camera.h">
      <Filter>Header Files</Filter>
    </ClInclude>
    <ClInclude Include="renderer\athi_circle.h">
      <Filter>Header Files</Filter>
    </ClInclude>
    <ClInclude Include="renderer\athi_commandbuffer.h">
      <Filter>Header Files</Filter>
    </ClInclude>
    <ClInclude Include="renderer\athi_framebuffer.h">
      <Filter>Header Files</Filter>
    </ClInclude>
    <ClInclude Include="renderer\athi_line.h">
      <Filter>Header Files</Filter>
    </ClInclude>
    <ClInclude Include="renderer\athi_primitives.h">
      <Filter>Header Files</Filter>
    </ClInclude>
    <ClInclude Include="renderer\athi_rect.h">
      <Filter>Header Files</Filter>
    </ClInclude>
    <ClInclude Include="renderer\athi_renderer.h">
      <Filter>Header Files</Filter>
    </ClInclude>
    <ClInclude Include="renderer\athi_shader.h">
      <Filter>Header Files</Filter>
    </ClInclude>
    <ClInclude Include="renderer\athi_text.h">
      <Filter>Header Files</Filter>
    </ClInclude>
    <ClInclude Include="renderer\athi_texture.h">
      <Filter>Header Files</Filter>
    </ClInclude>
    <ClInclude Include="renderer\mesh.h">
      <Filter>Header Files</Filter>
    </ClInclude>
    <ClInclude Include="renderer\opengl_utility.h">
      <Filter>Header Files</Filter>
    </ClInclude>
    <ClInclude Include="utility\athi_config_parser.h">
      <Filter>Header Files</Filter>
    </ClInclude>
    <ClInclude Include="utility\athi_constant_globals.h">
      <Filter>Header Files</Filter>
    </ClInclude>
    <ClInclude Include="utility\athi_globals.h">
      <Filter>Header Files</Filter>
    </ClInclude>
    <ClInclude Include="utility\athi_save_state.h">
      <Filter>Header Files</Filter>
    </ClInclude>
    <ClInclude Include="utility\mm_math.h">
      <Filter>Header Files</Filter>
    </ClInclude>
    <ClInclude Include="utility\profiler.h">
      <Filter>Header Files</Filter>
    </ClInclude>
    <ClInclude Include="utility\threadsafe_container.h">
      <Filter>Header Files</Filter>
    </ClInclude>
  </ItemGroup>
</Project>